
Microsoft Visual Studio Solution File, Format Version 12.00
# Visual Studio 15
VisualStudioVersion = 15.0.27130.2027
MinimumVisualStudioVersion = 10.0.40219.1
Project("{FAE04EC0-301F-11D3-BF4B-00C04F79EFBC}") = "Lab 1 Echo Bot", "Lab 1 Echo Bot\Lab 1 Echo Bot.csproj", "{1F4977FC-6903-4AB2-9E97-79A8AD19086D}"
EndProject
Project("{FAE04EC0-301F-11D3-BF4B-00C04F79EFBC}") = "Lab 1_1 QnA Bot", "Lab 1_1 QnA Bot\Lab 1_1 QnA Bot.csproj", "{EA658C2E-88F3-428E-8097-6DFA7E56BCB0}"
EndProject
Project("{FAE04EC0-301F-11D3-BF4B-00C04F79EFBC}") = "Lab 1_2 Rich Cards Bot", "Lab 1_2 Rich Cards Bot\Lab 1_2 Rich Cards Bot.csproj", "{0CB6E669-7E04-40ED-BF32-72C69B84E1FA}"
EndProject
Project("{FAE04EC0-301F-11D3-BF4B-00C04F79EFBC}") = "Lab 1_3 Extra Exercise", "Lab 1_3 Extra Exercise\Lab 1_3 Extra Exercise.csproj", "{7577B37F-07C5-4F50-B7CC-DBB4D17D72D7}"
EndProject
Project("{FAE04EC0-301F-11D3-BF4B-00C04F79EFBC}") = "Lab 2 Multiple Dialogs Bot", "Lab 2 Multiple Dialogs Bot\Lab 2 Multiple Dialogs Bot.csproj", "{81323788-0889-462E-B689-19D727CCCDA8}"
EndProject
Project("{FAE04EC0-301F-11D3-BF4B-00C04F79EFBC}") = "Lab 2_1 Adaptive Cards Bot", "Lab 2_1 Adaptive Cards Bot\Lab 2_1 Adaptive Cards Bot.csproj", "{AFE876CC-8286-419C-9994-2E1640B2E543}"
EndProject
Project("{FAE04EC0-301F-11D3-BF4B-00C04F79EFBC}") = "Lab 2_2 Extra Exercise", "Lab 2_2 Extra Exercise\Lab 2_2 Extra Exercise.csproj", "{5F6DD381-4B0A-44EC-A369-0DF3C522EBB2}"
EndProject
Project("{FAE04EC0-301F-11D3-BF4B-00C04F79EFBC}") = "Lab 3 Form Bot", "Lab 3 Form Bot\Lab 3 Form Bot.csproj", "{E86B32EE-44AE-4139-8443-18C970E05402}"
EndProject
Project("{FAE04EC0-301F-11D3-BF4B-00C04F79EFBC}") = "Lab 3_1 LUIS Bot", "Lab 3_1 LUIS Bot\Lab 3_1 LUIS Bot.csproj", "{2CABDBC2-F13E-48F1-9D91-C986F0F83688}"
EndProject
Global
	GlobalSection(SolutionConfigurationPlatforms) = preSolution
		Debug|Any CPU = Debug|Any CPU
		Release|Any CPU = Release|Any CPU
	EndGlobalSection
	GlobalSection(ProjectConfigurationPlatforms) = postSolution
		{1F4977FC-6903-4AB2-9E97-79A8AD19086D}.Debug|Any CPU.ActiveCfg = Debug|Any CPU
		{1F4977FC-6903-4AB2-9E97-79A8AD19086D}.Debug|Any CPU.Build.0 = Debug|Any CPU
		{1F4977FC-6903-4AB2-9E97-79A8AD19086D}.Release|Any CPU.ActiveCfg = Release|Any CPU
		{1F4977FC-6903-4AB2-9E97-79A8AD19086D}.Release|Any CPU.Build.0 = Release|Any CPU
		{EA658C2E-88F3-428E-8097-6DFA7E56BCB0}.Debug|Any CPU.ActiveCfg = Debug|Any CPU
		{EA658C2E-88F3-428E-8097-6DFA7E56BCB0}.Debug|Any CPU.Build.0 = Debug|Any CPU
		{EA658C2E-88F3-428E-8097-6DFA7E56BCB0}.Release|Any CPU.ActiveCfg = Release|Any CPU
		{EA658C2E-88F3-428E-8097-6DFA7E56BCB0}.Release|Any CPU.Build.0 = Release|Any CPU
		{0CB6E669-7E04-40ED-BF32-72C69B84E1FA}.Debug|Any CPU.ActiveCfg = Debug|Any CPU
		{0CB6E669-7E04-40ED-BF32-72C69B84E1FA}.Debug|Any CPU.Build.0 = Debug|Any CPU
		{0CB6E669-7E04-40ED-BF32-72C69B84E1FA}.Release|Any CPU.ActiveCfg = Release|Any CPU
		{0CB6E669-7E04-40ED-BF32-72C69B84E1FA}.Release|Any CPU.Build.0 = Release|Any CPU
		{7577B37F-07C5-4F50-B7CC-DBB4D17D72D7}.Debug|Any CPU.ActiveCfg = Debug|Any CPU
		{7577B37F-07C5-4F50-B7CC-DBB4D17D72D7}.Debug|Any CPU.Build.0 = Debug|Any CPU
		{7577B37F-07C5-4F50-B7CC-DBB4D17D72D7}.Release|Any CPU.ActiveCfg = Release|Any CPU
		{7577B37F-07C5-4F50-B7CC-DBB4D17D72D7}.Release|Any CPU.Build.0 = Release|Any CPU
		{81323788-0889-462E-B689-19D727CCCDA8}.Debug|Any CPU.ActiveCfg = Debug|Any CPU
		{81323788-0889-462E-B689-19D727CCCDA8}.Debug|Any CPU.Build.0 = Debug|Any CPU
		{81323788-0889-462E-B689-19D727CCCDA8}.Release|Any CPU.ActiveCfg = Release|Any CPU
		{81323788-0889-462E-B689-19D727CCCDA8}.Release|Any CPU.Build.0 = Release|Any CPU
		{AFE876CC-8286-419C-9994-2E1640B2E543}.Debug|Any CPU.ActiveCfg = Debug|Any CPU
		{AFE876CC-8286-419C-9994-2E1640B2E543}.Debug|Any CPU.Build.0 = Debug|Any CPU
		{AFE876CC-8286-419C-9994-2E1640B2E543}.Release|Any CPU.ActiveCfg = Release|Any CPU
		{AFE876CC-8286-419C-9994-2E1640B2E543}.Release|Any CPU.Build.0 = Release|Any CPU
		{5F6DD381-4B0A-44EC-A369-0DF3C522EBB2}.Debug|Any CPU.ActiveCfg = Debug|Any CPU
		{5F6DD381-4B0A-44EC-A369-0DF3C522EBB2}.Debug|Any CPU.Build.0 = Debug|Any CPU
		{5F6DD381-4B0A-44EC-A369-0DF3C522EBB2}.Release|Any CPU.ActiveCfg = Release|Any CPU
		{5F6DD381-4B0A-44EC-A369-0DF3C522EBB2}.Release|Any CPU.Build.0 = Release|Any CPU
		{E86B32EE-44AE-4139-8443-18C970E05402}.Debug|Any CPU.ActiveCfg = Debug|Any CPU
		{E86B32EE-44AE-4139-8443-18C970E05402}.Debug|Any CPU.Build.0 = Debug|Any CPU
		{E86B32EE-44AE-4139-8443-18C970E05402}.Release|Any CPU.ActiveCfg = Release|Any CPU
		{E86B32EE-44AE-4139-8443-18C970E05402}.Release|Any CPU.Build.0 = Release|Any CPU
		{2CABDBC2-F13E-48F1-9D91-C986F0F83688}.Debug|Any CPU.ActiveCfg = Debug|Any CPU
		{2CABDBC2-F13E-48F1-9D91-C986F0F83688}.Debug|Any CPU.Build.0 = Debug|Any CPU
		{2CABDBC2-F13E-48F1-9D91-C986F0F83688}.Release|Any CPU.ActiveCfg = Release|Any CPU
		{2CABDBC2-F13E-48F1-9D91-C986F0F83688}.Release|Any CPU.Build.0 = Release|Any CPU
	EndGlobalSection
	GlobalSection(SolutionProperties) = preSolution
		HideSolutionNode = FALSE
	EndGlobalSection
	GlobalSection(ExtensibilityGlobals) = postSolution
		SolutionGuid = {696EC35E-2D78-4E96-929E-0E185CB7438A}
	EndGlobalSection
EndGlobal
